
Microsoft Visual Studio Solution File, Format Version 12.00
# Visual Studio Version 16
VisualStudioVersion = 16.0.29411.108
MinimumVisualStudioVersion = 10.0.40219.1
Project("{FAE04EC0-301F-11D3-BF4B-00C04F79EFBC}") = "ImageAlignmentTool", "ImageAlignmentTool\ImageAlignmentTool.csproj", "{56490432-E1D5-48AC-8075-CAE949E64637}"
EndProject
Global
	GlobalSection(SolutionConfigurationPlatforms) = preSolution
		Debug|Any CPU = Debug|Any CPU
		Release|Any CPU = Release|Any CPU
	EndGlobalSection
	GlobalSection(ProjectConfigurationPlatforms) = postSolution
		{56490432-E1D5-48AC-8075-CAE949E64637}.Debug|Any CPU.ActiveCfg = Debug|Any CPU
		{56490432-E1D5-48AC-8075-CAE949E64637}.Debug|Any CPU.Build.0 = Debug|Any CPU
		{56490432-E1D5-48AC-8075-CAE949E64637}.Release|Any CPU.ActiveCfg = Release|Any CPU
		{56490432-E1D5-48AC-8075-CAE949E64637}.Release|Any CPU.Build.0 = Release|Any CPU
	EndGlobalSection
	GlobalSection(SolutionProperties) = preSolution
		HideSolutionNode = FALSE
	EndGlobalSection
	GlobalSection(ExtensibilityGlobals) = postSolution
		SolutionGuid = {CD97E471-AFE0-475F-8CA5-6165DB8EF986}
	EndGlobalSection
EndGlobal
